#
# This file is autogenerated by pip-compile with Python 3.11
# by the following command:
#
#    pip-compile --output-file=requirements-demo.lock requirements-demo.txt
#
aiofiles==24.1.0
    # via gradio
annotated-types==0.7.0
    # via pydantic
anyio==4.9.0
    # via
    #   gradio
    #   httpx
    #   mcp
    #   openai
    #   sse-starlette
    #   starlette
certifi==2025.4.26
    # via
    #   httpcore
    #   httpx
    #   requests
charset-normalizer==3.4.2
    # via requests
click==8.2.1
    # via
    #   typer
    #   uvicorn
cloudpickle==3.1.1
    # via gymnasium
colorama==0.4.6
    # via griffe
distro==1.9.0
    # via openai
farama-notifications==0.0.4
    # via gymnasium
fastapi==0.115.12
    # via gradio
ffmpy==0.6.0
    # via gradio
filelock==3.18.0
    # via
    #   -r requirements-demo.txt
    #   huggingface-hub
    #   torch
fsspec==2025.5.1
    # via
    #   gradio-client
    #   huggingface-hub
    #   torch
gradio==5.33.2
    # via -r requirements-demo.txt
gradio-client==1.10.3
    # via gradio
griffe==1.7.3
    # via openai-agents
groovy==0.1.2
    # via gradio
gymnasium[classic-control]==1.1.1
    # via -r requirements-demo.txt
h11==0.16.0
    # via
    #   httpcore
    #   uvicorn
hf-xet==1.1.3
    # via huggingface-hub
httpcore==1.0.9
    # via httpx
httpx==0.28.1
    # via
    #   gradio
    #   gradio-client
    #   mcp
    #   openai
    #   safehttpx
httpx-sse==0.4.0
    # via mcp
huggingface-hub==0.33.0
    # via
    #   gradio
    #   gradio-client
idna==3.10
    # via
    #   anyio
    #   httpx
    #   requests
jinja2==3.1.6
    # via
    #   gradio
    #   torch
jiter==0.10.0
    # via openai
markdown-it-py==3.0.0
    # via rich
markupsafe==3.0.2
    # via
    #   gradio
    #   jinja2
mcp==1.9.4
    # via openai-agents
mdurl==0.1.2
    # via markdown-it-py
mpmath==1.3.0
    # via sympy
networkx==3.5
    # via torch
numpy==2.3.0
    # via
    #   gradio
    #   gymnasium
    #   pandas
nvidia-cublas-cu12==12.6.4.1
    # via
    #   nvidia-cudnn-cu12
    #   nvidia-cusolver-cu12
    #   torch
nvidia-cuda-cupti-cu12==12.6.80
    # via torch
nvidia-cuda-nvrtc-cu12==12.6.77
    # via torch
nvidia-cuda-runtime-cu12==12.6.77
    # via torch
nvidia-cudnn-cu12==9.5.1.17
    # via torch
nvidia-cufft-cu12==11.3.0.4
    # via torch
nvidia-cufile-cu12==1.11.1.6
    # via torch
nvidia-curand-cu12==10.3.7.77
    # via torch
nvidia-cusolver-cu12==11.7.1.2
    # via torch
nvidia-cusparse-cu12==12.5.4.2
    # via
    #   nvidia-cusolver-cu12
    #   torch
nvidia-cusparselt-cu12==0.6.3
    # via torch
nvidia-nccl-cu12==2.26.2
    # via torch
nvidia-nvjitlink-cu12==12.6.85
    # via
    #   nvidia-cufft-cu12
    #   nvidia-cusolver-cu12
    #   nvidia-cusparse-cu12
    #   torch
nvidia-nvtx-cu12==12.6.77
    # via torch
openai==1.86.0
    # via openai-agents
openai-agents==0.0.17
    # via -r requirements-demo.txt
orjson==3.10.18
    # via gradio
packaging==25.0
    # via
    #   gradio
    #   gradio-client
    #   huggingface-hub
pandas==2.3.0
    # via gradio
pillow==11.2.1
    # via gradio
pydantic==2.11.5
    # via
    #   fastapi
    #   gradio
    #   mcp
    #   openai
    #   openai-agents
    #   pydantic-settings
pydantic-core==2.33.2
    # via pydantic
pydantic-settings==2.9.1
    # via mcp
pydub==0.25.1
    # via gradio
pygame==2.6.1
    # via gymnasium
pygments==2.19.1
    # via rich
python-dateutil==2.9.0.post0
    # via pandas
python-dotenv==1.1.0
    # via pydantic-settings
python-multipart==0.0.20
    # via
    #   gradio
    #   mcp
pytz==2025.2
    # via pandas
pyyaml==6.0.2
    # via
    #   gradio
    #   huggingface-hub
requests==2.32.4
    # via
    #   huggingface-hub
    #   openai-agents
rich==14.0.0
    # via typer
ruff==0.11.13
    # via gradio
safehttpx==0.1.6
    # via gradio
semantic-version==2.10.0
    # via gradio
shellingham==1.5.4
    # via typer
six==1.17.0
    # via python-dateutil
sniffio==1.3.1
    # via
    #   anyio
    #   openai
sse-starlette==2.3.6
    # via mcp
starlette==0.46.2
    # via
    #   fastapi
    #   gradio
    #   mcp
sympy==1.14.0
    # via torch
tomlkit==0.13.3
    # via gradio
torch==2.7.1
    # via -r requirements-demo.txt
tqdm==4.67.1
    # via
    #   huggingface-hub
    #   openai
triton==3.3.1
    # via torch
typer==0.16.0
    # via gradio
types-requests==2.32.4.20250611
    # via openai-agents
typing-extensions==4.14.0
    # via
    #   anyio
    #   fastapi
    #   gradio
    #   gradio-client
    #   gymnasium
    #   huggingface-hub
    #   openai
    #   openai-agents
    #   pydantic
    #   pydantic-core
    #   torch
    #   typer
    #   typing-inspection
typing-inspection==0.4.1
    # via
    #   pydantic
    #   pydantic-settings
tzdata==2025.2
    # via pandas
urllib3==2.4.0
    # via
    #   requests
    #   types-requests
uvicorn==0.34.3
    # via
    #   gradio
    #   mcp
websockets==15.0.1
    # via gradio-client

# The following packages are considered to be unsafe in a requirements file:
# setuptools
