# Auto-generated lock file for AIGA Meta-Evolution demo
-r ../../requirements.lock

google-adk==1.1.1 \
    --hash=sha256:c6cdca1b9cab7126efa4984abaff2d7b26da7945da9e6b0e2e6ea1727fb3f966 \
    --hash=sha256:9418675574d2e9fd8a3c8e423186b86fe4ad3f211dd5da400cf24f1ef39fe2d7
gradio==5.34.0 \
    --hash=sha256:a5eeb9bd2db923fc4b39abceac27886e5e05f20e89c0026bbdd2e2be6d5fbe32 \
    --hash=sha256:7d150fe2c6cf7b4776ef61f318d531cfd653f028029287f3db3470936483b3cf
gymnasium==0.29.1 \
    --hash=sha256:61c3384b5575985bb7f85e43213bcb40f36fcdff388cae6bc229304c71f2843e \
    --hash=sha256:1a532752efcb7590478b1cc7aa04f608eb7a2fdad5570cd217b66b6a35274bb1
openai-agents==0.0.17 \
    --hash=sha256:924e0be145b42fb8984e35ab9d14e4948a2251c3b122a02ca989b223e4d39c27 \
    --hash=sha256:44f9c8e80b461c64cfdcf55d162ca8bb0594f4b2ada48daf1be34a8d4cd0759f
torch==2.2.2 \
    --hash=sha256:ad4c03b786e074f46606f4151c0a1e3740268bcf29fbd2fdf6666d66341c1dcb \
    --hash=sha256:95b9b44f3bcebd8b6cd8d37ec802048c872d9c567ba52c894bba90863a439059
