#
# This lock‑file was generated manually on 2025‑04‑20 for Alpha‑Factory.
# Re‑generate with:  pip‑compile --generate‑hashes -o requirements.lock pyproject.toml
#
adk==0.5.1     --hash=sha256:9f2ce5bb9ecf1f37c5a6f22fd9e4ab9d7b8914c595abf833e400cbf474de5c16
fastapi==0.110.2     --hash=sha256:9c43f8a04553295d85f1e4cec74e1a1fde37d399a8ce28ed5ab828a7ea50ccaa
googleapis-common-protos==1.63.0     --hash=sha256:3c6f28193919851ed245032e0cd8477228bf97088abee9f31fa8c7c3d6c02ab4
grpcio==1.64.0     --hash=sha256:8a4b8c0a4e2be1afc4ec6264d6de9f76d0c7f4f0695a3ee6af340dee67af13a1
httpx==0.27.0     --hash=sha256:0f49f082e1358266cf1651dfdbef4d6af7bee76de6c6ea75863117d6116e5d76
numpy==1.26.4     --hash=sha256:22af14f408b6a80cb5d68ca2f8433420ed8556c2a8042d73f2dc16fc0df7ccb2
openai-agents==0.2.4     --hash=sha256:f21e5b2ce5297d1fbb2a9ef5c2eec2a3f8b80b9dcd51cb07cdbc55d72567cd57
pandas==2.2.2     --hash=sha256:1adcf1e17826dfec353f534813df75f1a4bb7a8a798edc2cc74e07bcb35c50a4
protobuf==5.26.1     --hash=sha256:d2c8caaad7f5b0993b0f54818651e74a53ce38afcb7631c6fba58828a741b93d
pydantic==2.7.1     --hash=sha256:cb5d5447572c2d79e9a4ad455bf3e7f1f5bbce13a1f1fc775fea1971ec66f64a
pyjwt==2.8.0     --hash=sha256:363d23883228c166a4630bf8c1c58ddc3e39fb8bcbac2b33cd807401e33ad039
spiffe==2.0.1     --hash=sha256:d6e7c98ddcac3fef9aa858c9054c0c8e1ab7adf8e2587a68f6e45f82061f7542
uvicorn[standard]==0.29.0     --hash=sha256:d9a044c10ca79c72c8d0e20b2519ba1a710e81101faf1abf4bbe1061662342ad
websockets==12.0     --hash=sha256:cd8534c42db87cc4e9af2198a3a105fa1f2024184e75688df3e3af6d4e985d8d
