# Auto-generated lock file for MATS demo
-r ../../requirements.lock

gymnasium==0.29.1 \
    --hash=sha256:61c3384b5575985bb7f85e43213bcb40f36fcdff388cae6bc229304c71f2843e \
    --hash=sha256:1a532752efcb7590478b1cc7aa04f608eb7a2fdad5570cd217b66b6a35274bb1
networkx==3.3 \
    --hash=sha256:28575580c6ebdaf4505b22c6256a2b9de86b316dc63ba9e93abde3d78dfdbcf2 \
    --hash=sha256:0c127d8b2f4865f59ae9cb8aafcd60b5c70f3241ebd66f7defad7c4ab90126c9
pyyaml==6.0 \
    --hash=sha256:432557aa2c09802be39460360ddffd48156e30721f5e8d917f01d31694216782 \
    --hash=sha256:68fb519c14306fec9720a2a5b45bc9f0c8d1b9c72adf45c37baedfcd949c35a2
torch==2.2.2 \
    --hash=sha256:ad4c03b786e074f46606f4151c0a1e3740268bcf29fbd2fdf6666d66341c1dcb \
    --hash=sha256:95b9b44f3bcebd8b6cd8d37ec802048c872d9c567ba52c894bba90863a439059
