# Auto-generated lock file for MATS demo
-r ../../requirements.lock

gymnasium==0.29.1 \
    --hash=sha256:0000000000000000000000000000000000000000000000000000000000000000 \
    --hash=sha256:1111111111111111111111111111111111111111111111111111111111111111
networkx==3.3 \
    --hash=sha256:2222222222222222222222222222222222222222222222222222222222222222 \
    --hash=sha256:3333333333333333333333333333333333333333333333333333333333333333
pyyaml==6.0 \
    --hash=sha256:4444444444444444444444444444444444444444444444444444444444444444 \
    --hash=sha256:5555555555555555555555555555555555555555555555555555555555555555
torch==2.2.2 \
    --hash=sha256:6666666666666666666666666666666666666666666666666666666666666666 \
    --hash=sha256:7777777777777777777777777777777777777777777777777777777777777777
